
Microsoft Visual Studio Solution File, Format Version 12.00
# Visual Studio Version 16
VisualStudioVersion = 16.0.31129.286
MinimumVisualStudioVersion = 10.0.40219.1
Project("{9A19103F-16F7-4668-BE54-9A1E7A4F7556}") = "DataAcsess", "DataAcsess\DataAcsess.csproj", "{EF88EE54-DD8A-44B2-BBE4-4AEFA438E573}"
EndProject
Project("{9A19103F-16F7-4668-BE54-9A1E7A4F7556}") = "Buisness", "Buisness\Buisness.csproj", "{1C7099A1-1502-4D73-BAD3-5022B7974DB4}"
EndProject
Project("{9A19103F-16F7-4668-BE54-9A1E7A4F7556}") = "Entities", "Entities\Entities.csproj", "{E98D8364-37D2-41E0-9D87-7AF5FD52ED77}"
EndProject
Project("{9A19103F-16F7-4668-BE54-9A1E7A4F7556}") = "ConoleUI", "ConoleUI\ConoleUI.csproj", "{94F3B291-0C93-4CB5-B77A-0578915BAF18}"
EndProject
Project("{FAE04EC0-301F-11D3-BF4B-00C04F79EFBC}") = "Core", "Core\Core.csproj", "{80474AE2-F932-4A66-AC61-9B3E6D21639D}"
EndProject
Global
	GlobalSection(SolutionConfigurationPlatforms) = preSolution
		Debug|Any CPU = Debug|Any CPU
		Release|Any CPU = Release|Any CPU
	EndGlobalSection
	GlobalSection(ProjectConfigurationPlatforms) = postSolution
		{EF88EE54-DD8A-44B2-BBE4-4AEFA438E573}.Debug|Any CPU.ActiveCfg = Debug|Any CPU
		{EF88EE54-DD8A-44B2-BBE4-4AEFA438E573}.Debug|Any CPU.Build.0 = Debug|Any CPU
		{EF88EE54-DD8A-44B2-BBE4-4AEFA438E573}.Release|Any CPU.ActiveCfg = Release|Any CPU
		{EF88EE54-DD8A-44B2-BBE4-4AEFA438E573}.Release|Any CPU.Build.0 = Release|Any CPU
		{1C7099A1-1502-4D73-BAD3-5022B7974DB4}.Debug|Any CPU.ActiveCfg = Debug|Any CPU
		{1C7099A1-1502-4D73-BAD3-5022B7974DB4}.Debug|Any CPU.Build.0 = Debug|Any CPU
		{1C7099A1-1502-4D73-BAD3-5022B7974DB4}.Release|Any CPU.ActiveCfg = Release|Any CPU
		{1C7099A1-1502-4D73-BAD3-5022B7974DB4}.Release|Any CPU.Build.0 = Release|Any CPU
		{E98D8364-37D2-41E0-9D87-7AF5FD52ED77}.Debug|Any CPU.ActiveCfg = Debug|Any CPU
		{E98D8364-37D2-41E0-9D87-7AF5FD52ED77}.Debug|Any CPU.Build.0 = Debug|Any CPU
		{E98D8364-37D2-41E0-9D87-7AF5FD52ED77}.Release|Any CPU.ActiveCfg = Release|Any CPU
		{E98D8364-37D2-41E0-9D87-7AF5FD52ED77}.Release|Any CPU.Build.0 = Release|Any CPU
		{94F3B291-0C93-4CB5-B77A-0578915BAF18}.Debug|Any CPU.ActiveCfg = Debug|Any CPU
		{94F3B291-0C93-4CB5-B77A-0578915BAF18}.Debug|Any CPU.Build.0 = Debug|Any CPU
		{94F3B291-0C93-4CB5-B77A-0578915BAF18}.Release|Any CPU.ActiveCfg = Release|Any CPU
		{94F3B291-0C93-4CB5-B77A-0578915BAF18}.Release|Any CPU.Build.0 = Release|Any CPU
		{80474AE2-F932-4A66-AC61-9B3E6D21639D}.Debug|Any CPU.ActiveCfg = Debug|Any CPU
		{80474AE2-F932-4A66-AC61-9B3E6D21639D}.Debug|Any CPU.Build.0 = Debug|Any CPU
		{80474AE2-F932-4A66-AC61-9B3E6D21639D}.Release|Any CPU.ActiveCfg = Release|Any CPU
		{80474AE2-F932-4A66-AC61-9B3E6D21639D}.Release|Any CPU.Build.0 = Release|Any CPU
	EndGlobalSection
	GlobalSection(SolutionProperties) = preSolution
		HideSolutionNode = FALSE
	EndGlobalSection
	GlobalSection(ExtensibilityGlobals) = postSolution
		SolutionGuid = {52F6D823-9972-40B8-8FE0-A737D32DB02A}
	EndGlobalSection
EndGlobal
